{
  "originHash" : "dfb55de47a2531035ef9aa52c0e230696c0ff3d3acebc5dd678cdd4bd67bfe33",
  "pins" : [
    {
      "identity" : "swift-argument-parser",
      "kind" : "remoteSourceControl",
      "location" : "https://github.com/apple/swift-argument-parser.git",
      "state" : {
        "revision" : "0fbc8848e389af3bb55c182bc19ca9d5dc2f255b",
        "version" : "1.4.0"
      }
    },
    {
      "identity" : "tic-tac-toe-minimax",
      "kind" : "remoteSourceControl",
      "location" : "git@github.com:primecoder/tic-tac-toe-minimax.git",
      "state" : {
        "branch" : "main",
        "revision" : "b9722ec05bee898eca744615d6876300264be254"
      }
    }
  ],
  "version" : 3
}
