{
  "originHash" : "8d2c9550d4c50e6f23dc1c526fe36c0d1f7cfe85cabe2dac504ebeddc1b3a1b4",
  "pins" : [
    {
      "identity" : "swift-argument-parser",
      "kind" : "remoteSourceControl",
      "location" : "https://github.com/apple/swift-argument-parser.git",
      "state" : {
        "revision" : "0fbc8848e389af3bb55c182bc19ca9d5dc2f255b",
        "version" : "1.4.0"
      }
    },
    {
      "identity" : "tic-tac-toe-minimax",
      "kind" : "remoteSourceControl",
      "location" : "https://github.com/primecoder/tic-tac-toe-minimax.git",
      "state" : {
        "branch" : "main",
        "revision" : "d32484d798ba06e62780402e9c17beabf254a739"
      }
    }
  ],
  "version" : 3
}
